// !$*UTF8*$!
{
	archiveVersion = 1;
	classes = {
	};
	objectVersion = 50;
	objects = {

/* Begin PBXBuildFile section */
		9D3C34582604B77D0074C222 /* UpcomingBillsView.swift in Sources */ = {isa = PBXBuildFile; fileRef = 9D3C34572604B77D0074C222 /* UpcomingBillsView.swift */; };
		9D3C34592604B77D0074C222 /* UpcomingBillsView.swift in Sources */ = {isa = PBXBuildFile; fileRef = 9D3C34572604B77D0074C222 /* UpcomingBillsView.swift */; };
		9D3C345A2604B77D0074C222 /* UpcomingBillsView.swift in Sources */ = {isa = PBXBuildFile; fileRef = 9D3C34572604B77D0074C222 /* UpcomingBillsView.swift */; };
		9D3D1C4E25FB8390008EBEDE /* AppDelegate.swift in Sources */ = {isa = PBXBuildFile; fileRef = 9D3D1C4D25FB8390008EBEDE /* AppDelegate.swift */; };
		9D3D1C5025FB8390008EBEDE /* SceneDelegate.swift in Sources */ = {isa = PBXBuildFile; fileRef = 9D3D1C4F25FB8390008EBEDE /* SceneDelegate.swift */; };
		9D3D1C5525FB8390008EBEDE /* CoreDataExample.xcdatamodeld in Sources */ = {isa = PBXBuildFile; fileRef = 9D3D1C5325FB8390008EBEDE /* CoreDataExample.xcdatamodeld */; };
		9D3D1C5725FB8392008EBEDE /* Assets.xcassets in Resources */ = {isa = PBXBuildFile; fileRef = 9D3D1C5625FB8392008EBEDE /* Assets.xcassets */; };
		9D3D1C5A25FB8392008EBEDE /* Preview Assets.xcassets in Resources */ = {isa = PBXBuildFile; fileRef = 9D3D1C5925FB8392008EBEDE /* Preview Assets.xcassets */; };
		9D3D1C5D25FB8392008EBEDE /* LaunchScreen.storyboard in Resources */ = {isa = PBXBuildFile; fileRef = 9D3D1C5B25FB8392008EBEDE /* LaunchScreen.storyboard */; };
		9D3D1C6825FB8392008EBEDE /* CoreDataExampleTests.swift in Sources */ = {isa = PBXBuildFile; fileRef = 9D3D1C6725FB8392008EBEDE /* CoreDataExampleTests.swift */; };
		9D3D1C7325FB8392008EBEDE /* CoreDataExampleUITests.swift in Sources */ = {isa = PBXBuildFile; fileRef = 9D3D1C7225FB8392008EBEDE /* CoreDataExampleUITests.swift */; };
		9D9E2C5926024839004C84AB /* AddToBillView.swift in Sources */ = {isa = PBXBuildFile; fileRef = 9D9E2C5826024839004C84AB /* AddToBillView.swift */; };
		9D9E2C5A26024839004C84AB /* AddToBillView.swift in Sources */ = {isa = PBXBuildFile; fileRef = 9D9E2C5826024839004C84AB /* AddToBillView.swift */; };
		9D9E2C5B26024839004C84AB /* AddToBillView.swift in Sources */ = {isa = PBXBuildFile; fileRef = 9D9E2C5826024839004C84AB /* AddToBillView.swift */; };
		F44E6E0F26335B02006E3031 /* SearchBar.swift in Sources */ = {isa = PBXBuildFile; fileRef = F44E6E0E26335B02006E3031 /* SearchBar.swift */; };
		F44E6E1A26335C48006E3031 /* ViewEditBill.swift in Sources */ = {isa = PBXBuildFile; fileRef = F44E6E1926335C48006E3031 /* ViewEditBill.swift */; };
		F44E6E1B26335C48006E3031 /* ViewEditBill.swift in Sources */ = {isa = PBXBuildFile; fileRef = F44E6E1926335C48006E3031 /* ViewEditBill.swift */; };
		F44E6E1C26335C48006E3031 /* ViewEditBill.swift in Sources */ = {isa = PBXBuildFile; fileRef = F44E6E1926335C48006E3031 /* ViewEditBill.swift */; };
/* End PBXBuildFile section */

/* Begin PBXContainerItemProxy section */
		9D3D1C6425FB8392008EBEDE /* PBXContainerItemProxy */ = {
			isa = PBXContainerItemProxy;
			containerPortal = 9D3D1C4225FB8390008EBEDE /* Project object */;
			proxyType = 1;
			remoteGlobalIDString = 9D3D1C4925FB8390008EBEDE;
			remoteInfo = CoreDataExample;
		};
		9D3D1C6F25FB8392008EBEDE /* PBXContainerItemProxy */ = {
			isa = PBXContainerItemProxy;
			containerPortal = 9D3D1C4225FB8390008EBEDE /* Project object */;
			proxyType = 1;
			remoteGlobalIDString = 9D3D1C4925FB8390008EBEDE;
			remoteInfo = CoreDataExample;
		};
/* End PBXContainerItemProxy section */

/* Begin PBXFileReference section */
		9D3C34572604B77D0074C222 /* UpcomingBillsView.swift */ = {isa = PBXFileReference; lastKnownFileType = sourcecode.swift; path = UpcomingBillsView.swift; sourceTree = "<group>"; };
		9D3D1C4A25FB8390008EBEDE /* CoreDataExample.app */ = {isa = PBXFileReference; explicitFileType = wrapper.application; includeInIndex = 0; path = CoreDataExample.app; sourceTree = BUILT_PRODUCTS_DIR; };
		9D3D1C4D25FB8390008EBEDE /* AppDelegate.swift */ = {isa = PBXFileReference; lastKnownFileType = sourcecode.swift; path = AppDelegate.swift; sourceTree = "<group>"; };
		9D3D1C4F25FB8390008EBEDE /* SceneDelegate.swift */ = {isa = PBXFileReference; lastKnownFileType = sourcecode.swift; path = SceneDelegate.swift; sourceTree = "<group>"; };
		9D3D1C5425FB8390008EBEDE /* CoreDataExample.xcdatamodel */ = {isa = PBXFileReference; lastKnownFileType = wrapper.xcdatamodel; path = CoreDataExample.xcdatamodel; sourceTree = "<group>"; };
		9D3D1C5625FB8392008EBEDE /* Assets.xcassets */ = {isa = PBXFileReference; lastKnownFileType = folder.assetcatalog; path = Assets.xcassets; sourceTree = "<group>"; };
		9D3D1C5925FB8392008EBEDE /* Preview Assets.xcassets */ = {isa = PBXFileReference; lastKnownFileType = folder.assetcatalog; path = "Preview Assets.xcassets"; sourceTree = "<group>"; };
		9D3D1C5C25FB8392008EBEDE /* Base */ = {isa = PBXFileReference; lastKnownFileType = file.storyboard; name = Base; path = Base.lproj/LaunchScreen.storyboard; sourceTree = "<group>"; };
		9D3D1C5E25FB8392008EBEDE /* Info.plist */ = {isa = PBXFileReference; lastKnownFileType = text.plist.xml; path = Info.plist; sourceTree = "<group>"; };
		9D3D1C6325FB8392008EBEDE /* CoreDataExampleTests.xctest */ = {isa = PBXFileReference; explicitFileType = wrapper.cfbundle; includeInIndex = 0; path = CoreDataExampleTests.xctest; sourceTree = BUILT_PRODUCTS_DIR; };
		9D3D1C6725FB8392008EBEDE /* CoreDataExampleTests.swift */ = {isa = PBXFileReference; lastKnownFileType = sourcecode.swift; path = CoreDataExampleTests.swift; sourceTree = "<group>"; };
		9D3D1C6925FB8392008EBEDE /* Info.plist */ = {isa = PBXFileReference; lastKnownFileType = text.plist.xml; path = Info.plist; sourceTree = "<group>"; };
		9D3D1C6E25FB8392008EBEDE /* CoreDataExampleUITests.xctest */ = {isa = PBXFileReference; explicitFileType = wrapper.cfbundle; includeInIndex = 0; path = CoreDataExampleUITests.xctest; sourceTree = BUILT_PRODUCTS_DIR; };
		9D3D1C7225FB8392008EBEDE /* CoreDataExampleUITests.swift */ = {isa = PBXFileReference; lastKnownFileType = sourcecode.swift; path = CoreDataExampleUITests.swift; sourceTree = "<group>"; };
		9D3D1C7425FB8392008EBEDE /* Info.plist */ = {isa = PBXFileReference; lastKnownFileType = text.plist.xml; path = Info.plist; sourceTree = "<group>"; };
		9D9E2C5826024839004C84AB /* AddToBillView.swift */ = {isa = PBXFileReference; lastKnownFileType = sourcecode.swift; path = AddToBillView.swift; sourceTree = "<group>"; };
		F44E6E0E26335B02006E3031 /* SearchBar.swift */ = {isa = PBXFileReference; fileEncoding = 4; lastKnownFileType = sourcecode.swift; path = SearchBar.swift; sourceTree = "<group>"; };
		F44E6E1926335C48006E3031 /* ViewEditBill.swift */ = {isa = PBXFileReference; lastKnownFileType = sourcecode.swift; path = ViewEditBill.swift; sourceTree = "<group>"; };
/* End PBXFileReference section */

/* Begin PBXFrameworksBuildPhase section */
		9D3D1C4725FB8390008EBEDE /* Frameworks */ = {
			isa = PBXFrameworksBuildPhase;
			buildActionMask = 2147483647;
			files = (
			);
			runOnlyForDeploymentPostprocessing = 0;
		};
		9D3D1C6025FB8392008EBEDE /* Frameworks */ = {
			isa = PBXFrameworksBuildPhase;
			buildActionMask = 2147483647;
			files = (
			);
			runOnlyForDeploymentPostprocessing = 0;
		};
		9D3D1C6B25FB8392008EBEDE /* Frameworks */ = {
			isa = PBXFrameworksBuildPhase;
			buildActionMask = 2147483647;
			files = (
			);
			runOnlyForDeploymentPostprocessing = 0;
		};
/* End PBXFrameworksBuildPhase section */

/* Begin PBXGroup section */
		9D3D1C4125FB8390008EBEDE = {
			isa = PBXGroup;
			children = (
				9D3D1C4C25FB8390008EBEDE /* CoreDataExample */,
				9D3D1C6625FB8392008EBEDE /* CoreDataExampleTests */,
				9D3D1C7125FB8392008EBEDE /* CoreDataExampleUITests */,
				9D3D1C4B25FB8390008EBEDE /* Products */,
			);
			sourceTree = "<group>";
		};
		9D3D1C4B25FB8390008EBEDE /* Products */ = {
			isa = PBXGroup;
			children = (
				9D3D1C4A25FB8390008EBEDE /* CoreDataExample.app */,
				9D3D1C6325FB8392008EBEDE /* CoreDataExampleTests.xctest */,
				9D3D1C6E25FB8392008EBEDE /* CoreDataExampleUITests.xctest */,
			);
			name = Products;
			sourceTree = "<group>";
		};
		9D3D1C4C25FB8390008EBEDE /* CoreDataExample */ = {
			isa = PBXGroup;
			children = (
				9D3D1C4D25FB8390008EBEDE /* AppDelegate.swift */,
				9D3D1C4F25FB8390008EBEDE /* SceneDelegate.swift */,
				9D3C34572604B77D0074C222 /* UpcomingBillsView.swift */,
				F44E6E0E26335B02006E3031 /* SearchBar.swift */,
				9D9E2C5826024839004C84AB /* AddToBillView.swift */,
				F44E6E1926335C48006E3031 /* ViewEditBill.swift */,
				9D3D1C5625FB8392008EBEDE /* Assets.xcassets */,
				9D3D1C5B25FB8392008EBEDE /* LaunchScreen.storyboard */,
				9D3D1C5E25FB8392008EBEDE /* Info.plist */,
				9D3D1C5325FB8390008EBEDE /* CoreDataExample.xcdatamodeld */,
				9D3D1C5825FB8392008EBEDE /* Preview Content */,
			);
			path = CoreDataExample;
			sourceTree = "<group>";
		};
		9D3D1C5825FB8392008EBEDE /* Preview Content */ = {
			isa = PBXGroup;
			children = (
				9D3D1C5925FB8392008EBEDE /* Preview Assets.xcassets */,
			);
			path = "Preview Content";
			sourceTree = "<group>";
		};
		9D3D1C6625FB8392008EBEDE /* CoreDataExampleTests */ = {
			isa = PBXGroup;
			children = (
				9D3D1C6725FB8392008EBEDE /* CoreDataExampleTests.swift */,
				9D3D1C6925FB8392008EBEDE /* Info.plist */,
			);
			path = CoreDataExampleTests;
			sourceTree = "<group>";
		};
		9D3D1C7125FB8392008EBEDE /* CoreDataExampleUITests */ = {
			isa = PBXGroup;
			children = (
				9D3D1C7225FB8392008EBEDE /* CoreDataExampleUITests.swift */,
				9D3D1C7425FB8392008EBEDE /* Info.plist */,
			);
			path = CoreDataExampleUITests;
			sourceTree = "<group>";
		};
/* End PBXGroup section */

/* Begin PBXNativeTarget section */
		9D3D1C4925FB8390008EBEDE /* CoreDataExample */ = {
			isa = PBXNativeTarget;
			buildConfigurationList = 9D3D1C7725FB8392008EBEDE /* Build configuration list for PBXNativeTarget "CoreDataExample" */;
			buildPhases = (
				9D3D1C4625FB8390008EBEDE /* Sources */,
				9D3D1C4725FB8390008EBEDE /* Frameworks */,
				9D3D1C4825FB8390008EBEDE /* Resources */,
			);
			buildRules = (
			);
			dependencies = (
			);
			name = CoreDataExample;
			productName = CoreDataExample;
			productReference = 9D3D1C4A25FB8390008EBEDE /* CoreDataExample.app */;
			productType = "com.apple.product-type.application";
		};
		9D3D1C6225FB8392008EBEDE /* CoreDataExampleTests */ = {
			isa = PBXNativeTarget;
			buildConfigurationList = 9D3D1C7A25FB8392008EBEDE /* Build configuration list for PBXNativeTarget "CoreDataExampleTests" */;
			buildPhases = (
				9D3D1C5F25FB8392008EBEDE /* Sources */,
				9D3D1C6025FB8392008EBEDE /* Frameworks */,
				9D3D1C6125FB8392008EBEDE /* Resources */,
			);
			buildRules = (
			);
			dependencies = (
				9D3D1C6525FB8392008EBEDE /* PBXTargetDependency */,
			);
			name = CoreDataExampleTests;
			productName = CoreDataExampleTests;
			productReference = 9D3D1C6325FB8392008EBEDE /* CoreDataExampleTests.xctest */;
			productType = "com.apple.product-type.bundle.unit-test";
		};
		9D3D1C6D25FB8392008EBEDE /* CoreDataExampleUITests */ = {
			isa = PBXNativeTarget;
			buildConfigurationList = 9D3D1C7D25FB8392008EBEDE /* Build configuration list for PBXNativeTarget "CoreDataExampleUITests" */;
			buildPhases = (
				9D3D1C6A25FB8392008EBEDE /* Sources */,
				9D3D1C6B25FB8392008EBEDE /* Frameworks */,
				9D3D1C6C25FB8392008EBEDE /* Resources */,
			);
			buildRules = (
			);
			dependencies = (
				9D3D1C7025FB8392008EBEDE /* PBXTargetDependency */,
			);
			name = CoreDataExampleUITests;
			productName = CoreDataExampleUITests;
			productReference = 9D3D1C6E25FB8392008EBEDE /* CoreDataExampleUITests.xctest */;
			productType = "com.apple.product-type.bundle.ui-testing";
		};
/* End PBXNativeTarget section */

/* Begin PBXProject section */
		9D3D1C4225FB8390008EBEDE /* Project object */ = {
			isa = PBXProject;
			attributes = {
				LastSwiftUpdateCheck = 1200;
				LastUpgradeCheck = 1200;
				TargetAttributes = {
					9D3D1C4925FB8390008EBEDE = {
						CreatedOnToolsVersion = 12.0.1;
					};
					9D3D1C6225FB8392008EBEDE = {
						CreatedOnToolsVersion = 12.0.1;
						TestTargetID = 9D3D1C4925FB8390008EBEDE;
					};
					9D3D1C6D25FB8392008EBEDE = {
						CreatedOnToolsVersion = 12.0.1;
						TestTargetID = 9D3D1C4925FB8390008EBEDE;
					};
				};
			};
			buildConfigurationList = 9D3D1C4525FB8390008EBEDE /* Build configuration list for PBXProject "CoreDataExample" */;
			compatibilityVersion = "Xcode 9.3";
			developmentRegion = en;
			hasScannedForEncodings = 0;
			knownRegions = (
				en,
				Base,
			);
			mainGroup = 9D3D1C4125FB8390008EBEDE;
			productRefGroup = 9D3D1C4B25FB8390008EBEDE /* Products */;
			projectDirPath = "";
			projectRoot = "";
			targets = (
				9D3D1C4925FB8390008EBEDE /* CoreDataExample */,
				9D3D1C6225FB8392008EBEDE /* CoreDataExampleTests */,
				9D3D1C6D25FB8392008EBEDE /* CoreDataExampleUITests */,
			);
		};
/* End PBXProject section */

/* Begin PBXResourcesBuildPhase section */
		9D3D1C4825FB8390008EBEDE /* Resources */ = {
			isa = PBXResourcesBuildPhase;
			buildActionMask = 2147483647;
			files = (
				9D3D1C5D25FB8392008EBEDE /* LaunchScreen.storyboard in Resources */,
				9D3D1C5A25FB8392008EBEDE /* Preview Assets.xcassets in Resources */,
				9D3D1C5725FB8392008EBEDE /* Assets.xcassets in Resources */,
			);
			runOnlyForDeploymentPostprocessing = 0;
		};
		9D3D1C6125FB8392008EBEDE /* Resources */ = {
			isa = PBXResourcesBuildPhase;
			buildActionMask = 2147483647;
			files = (
			);
			runOnlyForDeploymentPostprocessing = 0;
		};
		9D3D1C6C25FB8392008EBEDE /* Resources */ = {
			isa = PBXResourcesBuildPhase;
			buildActionMask = 2147483647;
			files = (
			);
			runOnlyForDeploymentPostprocessing = 0;
		};
/* End PBXResourcesBuildPhase section */

/* Begin PBXSourcesBuildPhase section */
		9D3D1C4625FB8390008EBEDE /* Sources */ = {
			isa = PBXSourcesBuildPhase;
			buildActionMask = 2147483647;
			files = (
				F44E6E1A26335C48006E3031 /* ViewEditBill.swift in Sources */,
				F44E6E0F26335B02006E3031 /* SearchBar.swift in Sources */,
				9D3D1C4E25FB8390008EBEDE /* AppDelegate.swift in Sources */,
				9D3D1C5025FB8390008EBEDE /* SceneDelegate.swift in Sources */,
				9D3C34582604B77D0074C222 /* UpcomingBillsView.swift in Sources */,
				9D3D1C5525FB8390008EBEDE /* CoreDataExample.xcdatamodeld in Sources */,
				9D9E2C5926024839004C84AB /* AddToBillView.swift in Sources */,
			);
			runOnlyForDeploymentPostprocessing = 0;
		};
		9D3D1C5F25FB8392008EBEDE /* Sources */ = {
			isa = PBXSourcesBuildPhase;
			buildActionMask = 2147483647;
			files = (
				9D3C34592604B77D0074C222 /* UpcomingBillsView.swift in Sources */,
				F44E6E1B26335C48006E3031 /* ViewEditBill.swift in Sources */,
				9D9E2C5A26024839004C84AB /* AddToBillView.swift in Sources */,
				9D3D1C6825FB8392008EBEDE /* CoreDataExampleTests.swift in Sources */,
			);
			runOnlyForDeploymentPostprocessing = 0;
		};
		9D3D1C6A25FB8392008EBEDE /* Sources */ = {
			isa = PBXSourcesBuildPhase;
			buildActionMask = 2147483647;
			files = (
				9D3C345A2604B77D0074C222 /* UpcomingBillsView.swift in Sources */,
				F44E6E1C26335C48006E3031 /* ViewEditBill.swift in Sources */,
				9D9E2C5B26024839004C84AB /* AddToBillView.swift in Sources */,
				9D3D1C7325FB8392008EBEDE /* CoreDataExampleUITests.swift in Sources */,
			);
			runOnlyForDeploymentPostprocessing = 0;
		};
/* End PBXSourcesBuildPhase section */

/* Begin PBXTargetDependency section */
		9D3D1C6525FB8392008EBEDE /* PBXTargetDependency */ = {
			isa = PBXTargetDependency;
			target = 9D3D1C4925FB8390008EBEDE /* CoreDataExample */;
			targetProxy = 9D3D1C6425FB8392008EBEDE /* PBXContainerItemProxy */;
		};
		9D3D1C7025FB8392008EBEDE /* PBXTargetDependency */ = {
			isa = PBXTargetDependency;
			target = 9D3D1C4925FB8390008EBEDE /* CoreDataExample */;
			targetProxy = 9D3D1C6F25FB8392008EBEDE /* PBXContainerItemProxy */;
		};
/* End PBXTargetDependency section */

/* Begin PBXVariantGroup section */
		9D3D1C5B25FB8392008EBEDE /* LaunchScreen.storyboard */ = {
			isa = PBXVariantGroup;
			children = (
				9D3D1C5C25FB8392008EBEDE /* Base */,
			);
			name = LaunchScreen.storyboard;
			sourceTree = "<group>";
		};
/* End PBXVariantGroup section */

/* Begin XCBuildConfiguration section */
		9D3D1C7525FB8392008EBEDE /* Debug */ = {
			isa = XCBuildConfiguration;
			buildSettings = {
				ALWAYS_SEARCH_USER_PATHS = NO;
				CLANG_ANALYZER_NONNULL = YES;
				CLANG_ANALYZER_NUMBER_OBJECT_CONVERSION = YES_AGGRESSIVE;
				CLANG_CXX_LANGUAGE_STANDARD = "gnu++14";
				CLANG_CXX_LIBRARY = "libc++";
				CLANG_ENABLE_MODULES = YES;
				CLANG_ENABLE_OBJC_ARC = YES;
				CLANG_ENABLE_OBJC_WEAK = YES;
				CLANG_WARN_BLOCK_CAPTURE_AUTORELEASING = YES;
				CLANG_WARN_BOOL_CONVERSION = YES;
				CLANG_WARN_COMMA = YES;
				CLANG_WARN_CONSTANT_CONVERSION = YES;
				CLANG_WARN_DEPRECATED_OBJC_IMPLEMENTATIONS = YES;
				CLANG_WARN_DIRECT_OBJC_ISA_USAGE = YES_ERROR;
				CLANG_WARN_DOCUMENTATION_COMMENTS = YES;
				CLANG_WARN_EMPTY_BODY = YES;
				CLANG_WARN_ENUM_CONVERSION = YES;
				CLANG_WARN_INFINITE_RECURSION = YES;
				CLANG_WARN_INT_CONVERSION = YES;
				CLANG_WARN_NON_LITERAL_NULL_CONVERSION = YES;
				CLANG_WARN_OBJC_IMPLICIT_RETAIN_SELF = YES;
				CLANG_WARN_OBJC_LITERAL_CONVERSION = YES;
				CLANG_WARN_OBJC_ROOT_CLASS = YES_ERROR;
				CLANG_WARN_QUOTED_INCLUDE_IN_FRAMEWORK_HEADER = YES;
				CLANG_WARN_RANGE_LOOP_ANALYSIS = YES;
				CLANG_WARN_STRICT_PROTOTYPES = YES;
				CLANG_WARN_SUSPICIOUS_MOVE = YES;
				CLANG_WARN_UNGUARDED_AVAILABILITY = YES_AGGRESSIVE;
				CLANG_WARN_UNREACHABLE_CODE = YES;
				CLANG_WARN__DUPLICATE_METHOD_MATCH = YES;
				COPY_PHASE_STRIP = NO;
				DEBUG_INFORMATION_FORMAT = dwarf;
				ENABLE_STRICT_OBJC_MSGSEND = YES;
				ENABLE_TESTABILITY = YES;
				GCC_C_LANGUAGE_STANDARD = gnu11;
				GCC_DYNAMIC_NO_PIC = NO;
				GCC_NO_COMMON_BLOCKS = YES;
				GCC_OPTIMIZATION_LEVEL = 0;
				GCC_PREPROCESSOR_DEFINITIONS = (
					"DEBUG=1",
					"$(inherited)",
				);
				GCC_WARN_64_TO_32_BIT_CONVERSION = YES;
				GCC_WARN_ABOUT_RETURN_TYPE = YES_ERROR;
				GCC_WARN_UNDECLARED_SELECTOR = YES;
				GCC_WARN_UNINITIALIZED_AUTOS = YES_AGGRESSIVE;
				GCC_WARN_UNUSED_FUNCTION = YES;
				GCC_WARN_UNUSED_VARIABLE = YES;
				IPHONEOS_DEPLOYMENT_TARGET = 14.0;
				MTL_ENABLE_DEBUG_INFO = INCLUDE_SOURCE;
				MTL_FAST_MATH = YES;
				ONLY_ACTIVE_ARCH = YES;
				SDKROOT = iphoneos;
				SWIFT_ACTIVE_COMPILATION_CONDITIONS = DEBUG;
				SWIFT_OPTIMIZATION_LEVEL = "-Onone";
			};
			name = Debug;
		};
		9D3D1C7625FB8392008EBEDE /* Release */ = {
			isa = XCBuildConfiguration;
			buildSettings = {
				ALWAYS_SEARCH_USER_PATHS = NO;
				CLANG_ANALYZER_NONNULL = YES;
				CLANG_ANALYZER_NUMBER_OBJECT_CONVERSION = YES_AGGRESSIVE;
				CLANG_CXX_LANGUAGE_STANDARD = "gnu++14";
				CLANG_CXX_LIBRARY = "libc++";
				CLANG_ENABLE_MODULES = YES;
				CLANG_ENABLE_OBJC_ARC = YES;
				CLANG_ENABLE_OBJC_WEAK = YES;
				CLANG_WARN_BLOCK_CAPTURE_AUTORELEASING = YES;
				CLANG_WARN_BOOL_CONVERSION = YES;
				CLANG_WARN_COMMA = YES;
				CLANG_WARN_CONSTANT_CONVERSION = YES;
				CLANG_WARN_DEPRECATED_OBJC_IMPLEMENTATIONS = YES;
				CLANG_WARN_DIRECT_OBJC_ISA_USAGE = YES_ERROR;
				CLANG_WARN_DOCUMENTATION_COMMENTS = YES;
				CLANG_WARN_EMPTY_BODY = YES;
				CLANG_WARN_ENUM_CONVERSION = YES;
				CLANG_WARN_INFINITE_RECURSION = YES;
				CLANG_WARN_INT_CONVERSION = YES;
				CLANG_WARN_NON_LITERAL_NULL_CONVERSION = YES;
				CLANG_WARN_OBJC_IMPLICIT_RETAIN_SELF = YES;
				CLANG_WARN_OBJC_LITERAL_CONVERSION = YES;
				CLANG_WARN_OBJC_ROOT_CLASS = YES_ERROR;
				CLANG_WARN_QUOTED_INCLUDE_IN_FRAMEWORK_HEADER = YES;
				CLANG_WARN_RANGE_LOOP_ANALYSIS = YES;
				CLANG_WARN_STRICT_PROTOTYPES = YES;
				CLANG_WARN_SUSPICIOUS_MOVE = YES;
				CLANG_WARN_UNGUARDED_AVAILABILITY = YES_AGGRESSIVE;
				CLANG_WARN_UNREACHABLE_CODE = YES;
				CLANG_WARN__DUPLICATE_METHOD_MATCH = YES;
				COPY_PHASE_STRIP = NO;
				DEBUG_INFORMATION_FORMAT = "dwarf-with-dsym";
				ENABLE_NS_ASSERTIONS = NO;
				ENABLE_STRICT_OBJC_MSGSEND = YES;
				GCC_C_LANGUAGE_STANDARD = gnu11;
				GCC_NO_COMMON_BLOCKS = YES;
				GCC_WARN_64_TO_32_BIT_CONVERSION = YES;
				GCC_WARN_ABOUT_RETURN_TYPE = YES_ERROR;
				GCC_WARN_UNDECLARED_SELECTOR = YES;
				GCC_WARN_UNINITIALIZED_AUTOS = YES_AGGRESSIVE;
				GCC_WARN_UNUSED_FUNCTION = YES;
				GCC_WARN_UNUSED_VARIABLE = YES;
				IPHONEOS_DEPLOYMENT_TARGET = 14.0;
				MTL_ENABLE_DEBUG_INFO = NO;
				MTL_FAST_MATH = YES;
				SDKROOT = iphoneos;
				SWIFT_COMPILATION_MODE = wholemodule;
				SWIFT_OPTIMIZATION_LEVEL = "-O";
				VALIDATE_PRODUCT = YES;
			};
			name = Release;
		};
		9D3D1C7825FB8392008EBEDE /* Debug */ = {
			isa = XCBuildConfiguration;
			buildSettings = {
				ASSETCATALOG_COMPILER_APPICON_NAME = AppIcon;
				ASSETCATALOG_COMPILER_GLOBAL_ACCENT_COLOR_NAME = AccentColor;
				CODE_SIGN_STYLE = Automatic;
				DEVELOPMENT_ASSET_PATHS = "\"CoreDataExample/Preview Content\"";
				DEVELOPMENT_TEAM = 4CQW4CFFYT;
				ENABLE_PREVIEWS = YES;
				INFOPLIST_FILE = CoreDataExample/Info.plist;
				LD_RUNPATH_SEARCH_PATHS = (
					"$(inherited)",
					"@executable_path/Frameworks",
				);
				PRODUCT_BUNDLE_IDENTIFIER = com.maxkrefting.CoreDataExampleApp;
				PRODUCT_NAME = "$(TARGET_NAME)";
				SWIFT_VERSION = 5.0;
				TARGETED_DEVICE_FAMILY = "1,2";
			};
			name = Debug;
		};
		9D3D1C7925FB8392008EBEDE /* Release */ = {
			isa = XCBuildConfiguration;
			buildSettings = {
				ASSETCATALOG_COMPILER_APPICON_NAME = AppIcon;
				ASSETCATALOG_COMPILER_GLOBAL_ACCENT_COLOR_NAME = AccentColor;
				CODE_SIGN_STYLE = Automatic;
				DEVELOPMENT_ASSET_PATHS = "\"CoreDataExample/Preview Content\"";
				DEVELOPMENT_TEAM = 4CQW4CFFYT;
				ENABLE_PREVIEWS = YES;
				INFOPLIST_FILE = CoreDataExample/Info.plist;
				LD_RUNPATH_SEARCH_PATHS = (
					"$(inherited)",
					"@executable_path/Frameworks",
				);
				PRODUCT_BUNDLE_IDENTIFIER = com.maxkrefting.CoreDataExampleApp;
				PRODUCT_NAME = "$(TARGET_NAME)";
				SWIFT_VERSION = 5.0;
				TARGETED_DEVICE_FAMILY = "1,2";
			};
			name = Release;
		};
		9D3D1C7B25FB8392008EBEDE /* Debug */ = {
			isa = XCBuildConfiguration;
			buildSettings = {
				ALWAYS_EMBED_SWIFT_STANDARD_LIBRARIES = YES;
				BUNDLE_LOADER = "$(TEST_HOST)";
				CODE_SIGN_STYLE = Automatic;
				INFOPLIST_FILE = CoreDataExampleTests/Info.plist;
				IPHONEOS_DEPLOYMENT_TARGET = 14.0;
				LD_RUNPATH_SEARCH_PATHS = (
					"$(inherited)",
					"@executable_path/Frameworks",
					"@loader_path/Frameworks",
				);
				PRODUCT_BUNDLE_IDENTIFIER = JackFinnis.CoreDataExampleTests;
				PRODUCT_NAME = "$(TARGET_NAME)";
				SWIFT_VERSION = 5.0;
				TARGETED_DEVICE_FAMILY = "1,2";
				TEST_HOST = "$(BUILT_PRODUCTS_DIR)/CoreDataExample.app/CoreDataExample";
			};
			name = Debug;
		};
		9D3D1C7C25FB8392008EBEDE /* Release */ = {
			isa = XCBuildConfiguration;
			buildSettings = {
				ALWAYS_EMBED_SWIFT_STANDARD_LIBRARIES = YES;
				BUNDLE_LOADER = "$(TEST_HOST)";
				CODE_SIGN_STYLE = Automatic;
				INFOPLIST_FILE = CoreDataExampleTests/Info.plist;
				IPHONEOS_DEPLOYMENT_TARGET = 14.0;
				LD_RUNPATH_SEARCH_PATHS = (
					"$(inherited)",
					"@executable_path/Frameworks",
					"@loader_path/Frameworks",
				);
				PRODUCT_BUNDLE_IDENTIFIER = JackFinnis.CoreDataExampleTests;
				PRODUCT_NAME = "$(TARGET_NAME)";
				SWIFT_VERSION = 5.0;
				TARGETED_DEVICE_FAMILY = "1,2";
				TEST_HOST = "$(BUILT_PRODUCTS_DIR)/CoreDataExample.app/CoreDataExample";
			};
			name = Release;
		};
		9D3D1C7E25FB8392008EBEDE /* Debug */ = {
			isa = XCBuildConfiguration;
			buildSettings = {
				ALWAYS_EMBED_SWIFT_STANDARD_LIBRARIES = YES;
				CODE_SIGN_STYLE = Automatic;
				INFOPLIST_FILE = CoreDataExampleUITests/Info.plist;
				LD_RUNPATH_SEARCH_PATHS = (
					"$(inherited)",
					"@executable_path/Frameworks",
					"@loader_path/Frameworks",
				);
				PRODUCT_BUNDLE_IDENTIFIER = JackFinnis.CoreDataExampleUITests;
				PRODUCT_NAME = "$(TARGET_NAME)";
				SWIFT_VERSION = 5.0;
				TARGETED_DEVICE_FAMILY = "1,2";
				TEST_TARGET_NAME = CoreDataExample;
			};
			name = Debug;
		};
		9D3D1C7F25FB8392008EBEDE /* Release */ = {
			isa = XCBuildConfiguration;
			buildSettings = {
				ALWAYS_EMBED_SWIFT_STANDARD_LIBRARIES = YES;
				CODE_SIGN_STYLE = Automatic;
				INFOPLIST_FILE = CoreDataExampleUITests/Info.plist;
				LD_RUNPATH_SEARCH_PATHS = (
					"$(inherited)",
					"@executable_path/Frameworks",
					"@loader_path/Frameworks",
				);
				PRODUCT_BUNDLE_IDENTIFIER = JackFinnis.CoreDataExampleUITests;
				PRODUCT_NAME = "$(TARGET_NAME)";
				SWIFT_VERSION = 5.0;
				TARGETED_DEVICE_FAMILY = "1,2";
				TEST_TARGET_NAME = CoreDataExample;
			};
			name = Release;
		};
/* End XCBuildConfiguration section */

/* Begin XCConfigurationList section */
		9D3D1C4525FB8390008EBEDE /* Build configuration list for PBXProject "CoreDataExample" */ = {
			isa = XCConfigurationList;
			buildConfigurations = (
				9D3D1C7525FB8392008EBEDE /* Debug */,
				9D3D1C7625FB8392008EBEDE /* Release */,
			);
			defaultConfigurationIsVisible = 0;
			defaultConfigurationName = Release;
		};
		9D3D1C7725FB8392008EBEDE /* Build configuration list for PBXNativeTarget "CoreDataExample" */ = {
			isa = XCConfigurationList;
			buildConfigurations = (
				9D3D1C7825FB8392008EBEDE /* Debug */,
				9D3D1C7925FB8392008EBEDE /* Release */,
			);
			defaultConfigurationIsVisible = 0;
			defaultConfigurationName = Release;
		};
		9D3D1C7A25FB8392008EBEDE /* Build configuration list for PBXNativeTarget "CoreDataExampleTests" */ = {
			isa = XCConfigurationList;
			buildConfigurations = (
				9D3D1C7B25FB8392008EBEDE /* Debug */,
				9D3D1C7C25FB8392008EBEDE /* Release */,
			);
			defaultConfigurationIsVisible = 0;
			defaultConfigurationName = Release;
		};
		9D3D1C7D25FB8392008EBEDE /* Build configuration list for PBXNativeTarget "CoreDataExampleUITests" */ = {
			isa = XCConfigurationList;
			buildConfigurations = (
				9D3D1C7E25FB8392008EBEDE /* Debug */,
				9D3D1C7F25FB8392008EBEDE /* Release */,
			);
			defaultConfigurationIsVisible = 0;
			defaultConfigurationName = Release;
		};
/* End XCConfigurationList section */

/* Begin XCVersionGroup section */
		9D3D1C5325FB8390008EBEDE /* CoreDataExample.xcdatamodeld */ = {
			isa = XCVersionGroup;
			children = (
				9D3D1C5425FB8390008EBEDE /* CoreDataExample.xcdatamodel */,
			);
			currentVersion = 9D3D1C5425FB8390008EBEDE /* CoreDataExample.xcdatamodel */;
			path = CoreDataExample.xcdatamodeld;
			sourceTree = "<group>";
			versionGroupType = wrapper.xcdatamodel;
		};
/* End XCVersionGroup section */
	};
	rootObject = 9D3D1C4225FB8390008EBEDE /* Project object */;
}
